{
  "version": "3",
  "packages": {
    "specifiers": {
      "npm:@enuesaa/cmdgate": "npm:@enuesaa/cmdgate@0.0.5"
    },
    "npm": {
      "@enuesaa/cmdgate@0.0.5": {
        "integrity": "sha512-x6fEO8DwKnDEKuUOitDZJMwlAsvwJXNDhgO98BwImOSXoaHkfwvcE3+ilZEe5k3/aERxunpT/DXVx2RyiiihjQ==",
        "dependencies": {}
      }
    }
  },
  "remote": {}
}
