{
  "version": "3",
  "packages": {
    "specifiers": {
      "npm:@enuesaa/cmdgate": "npm:@enuesaa/cmdgate@0.0.2"
    },
    "npm": {
      "@enuesaa/cmdgate@0.0.2": {
        "integrity": "sha512-RP+MW0iCMQGNMH5pAzvsZTb4O8McRT2Lf/CLfthmQ73ZZ0Gs0OVeXzT7FP8smsd61iHXlZJO07lme1DF3q7tLQ==",
        "dependencies": {}
      }
    }
  },
  "remote": {}
}
